
Microsoft Visual Studio Solution File, Format Version 12.00
# Visual Studio Version 16
VisualStudioVersion = 16.0.33214.272
MinimumVisualStudioVersion = 10.0.40219.1
Project("{FAE04EC0-301F-11D3-BF4B-00C04F79EFBC}") = "AnonymousMethods", "AnonymousMethods\AnonymousMethods.csproj", "{25B56078-F2A3-4EBA-9C39-D680684DF10A}"
EndProject
Global
	GlobalSection(SolutionConfigurationPlatforms) = preSolution
		Debug|Any CPU = Debug|Any CPU
		Release|Any CPU = Release|Any CPU
	EndGlobalSection
	GlobalSection(ProjectConfigurationPlatforms) = postSolution
		{25B56078-F2A3-4EBA-9C39-D680684DF10A}.Debug|Any CPU.ActiveCfg = Debug|Any CPU
		{25B56078-F2A3-4EBA-9C39-D680684DF10A}.Debug|Any CPU.Build.0 = Debug|Any CPU
		{25B56078-F2A3-4EBA-9C39-D680684DF10A}.Release|Any CPU.ActiveCfg = Release|Any CPU
		{25B56078-F2A3-4EBA-9C39-D680684DF10A}.Release|Any CPU.Build.0 = Release|Any CPU
	EndGlobalSection
	GlobalSection(SolutionProperties) = preSolution
		HideSolutionNode = FALSE
	EndGlobalSection
	GlobalSection(ExtensibilityGlobals) = postSolution
		SolutionGuid = {4E5862D7-50C4-4CBB-8423-7AB4E7AD87CB}
	EndGlobalSection
EndGlobal
